
Microsoft Visual Studio Solution File, Format Version 12.00
# Visual Studio 15
VisualStudioVersion = 15.0.26228.9
MinimumVisualStudioVersion = 10.0.40219.1
Project("{FAE04EC0-301F-11D3-BF4B-00C04F79EFBC}") = "WebApplication1", "WebApplication1\WebApplication1.csproj", "{B813365E-70DA-489E-B930-AAB8F9AE0BAF}"
EndProject
Project("{FAE04EC0-301F-11D3-BF4B-00C04F79EFBC}") = "WebApplication1.Tests", "WebApplication1.Tests\WebApplication1.Tests.csproj", "{3485377F-AC21-4F86-86ED-B962920D4853}"
EndProject
Global
	GlobalSection(SolutionConfigurationPlatforms) = preSolution
		Debug|Any CPU = Debug|Any CPU
		Release|Any CPU = Release|Any CPU
	EndGlobalSection
	GlobalSection(ProjectConfigurationPlatforms) = postSolution
		{B813365E-70DA-489E-B930-AAB8F9AE0BAF}.Debug|Any CPU.ActiveCfg = Debug|Any CPU
		{B813365E-70DA-489E-B930-AAB8F9AE0BAF}.Debug|Any CPU.Build.0 = Debug|Any CPU
		{B813365E-70DA-489E-B930-AAB8F9AE0BAF}.Release|Any CPU.ActiveCfg = Release|Any CPU
		{B813365E-70DA-489E-B930-AAB8F9AE0BAF}.Release|Any CPU.Build.0 = Release|Any CPU
		{3485377F-AC21-4F86-86ED-B962920D4853}.Debug|Any CPU.ActiveCfg = Debug|Any CPU
		{3485377F-AC21-4F86-86ED-B962920D4853}.Debug|Any CPU.Build.0 = Debug|Any CPU
		{3485377F-AC21-4F86-86ED-B962920D4853}.Release|Any CPU.ActiveCfg = Release|Any CPU
		{3485377F-AC21-4F86-86ED-B962920D4853}.Release|Any CPU.Build.0 = Release|Any CPU
	EndGlobalSection
	GlobalSection(SolutionProperties) = preSolution
		HideSolutionNode = FALSE
	EndGlobalSection
EndGlobal
